github.com/davecgh/go-spew v1.1.1 h1:vj9j/u1bqnvCEfJOwUhtlOARqs3+rkHYY13jYWTU97c=
github.com/davecgh/go-spew v1.1.1/go.mod h1:J7Y8YcW2NihsgmVo/mv3lAwl/skON4iLHjSsI+c5H38=
github.com/fsnotify/fsnotify v1.9.0 h1:2Ml+OJNzbYCTzsxtv8vKSFD9PbJjmhYF14k/jKC7S9k=
github.com/fsnotify/fsnotify v1.9.0/go.mod h1:8jBTzvmWwFyi3Pb8djgCCO5IBqzKJ/Jwo8TRcHyHii0=
github.com/hashicorp/hcl v1.0.0 h1:0Anlzjpi4vEasTeNFn2mLJgTSwt0+6sfsiTG8qcWGx4=
github.com/hashicorp/hcl v1.0.0/go.mod h1:E5yfLk+7swimpb2L/Alb/PJmXilQ/rhwaUYs4T20WEQ=
github.com/hedzr/cmdr-loaders v1.3.25 h1:hBvzB1Ph5KXCItmtpUQdHLRv04hZxIjI6R0loFQCDng=
github.com/hedzr/cmdr-loaders v1.3.25/go.mod h1:rbyHqQPhwAL0TlwTHSX3KDfqwO/b3FY5pWQIhxsDipE=
github.com/hedzr/cmdr-loaders/lite v1.3.25 h1:/gwzi69ryFa2kQakXhc9I+eIWpaClu++G0O1AOfxAmY=
github.com/hedzr/cmdr-loaders/lite v1.3.25/go.mod h1:4S5NdwKx7yi4L+3ZhH4wKC4nIPpDr57f1ho/zDwzZEU=
github.com/hedzr/cmdr/v2 v2.1.25 h1:yxC8lWNeovT+ceG1vdP8wW1wnQk4aCuJyH9J100K9yU=
github.com/hedzr/cmdr/v2 v2.1.25/go.mod h1:obRlZRJByN90yvYolgyYebMQGgaZNZM5K8oVp9y8aUY=
github.com/hedzr/evendeep v1.3.25 h1:fzUhSpw9gSxeUba5b0J9AF36aTKPhKSowA99DchIL7I=
github.com/hedzr/evendeep v1.3.25/go.mod h1:HVagSYv61FIf01veXBcSBL8kh27ozZ/pbeledGP8Y7Y=
github.com/hedzr/is v0.8.25 h1:+Ftp8OUd/XRMil+R8Tzv9GtrWmuvbTr+KUK6Kgnbz7I=
github.com/hedzr/is v0.8.25/go.mod h1:WXJAUnylt054WjCQ1Hud/AEVgWlLCDxxRv7jMh58G+M=
github.com/hedzr/logg v0.8.25 h1:OsRnuRCyLHvTJk5JSCHZUyDD+1R9kxuoAzQz706w2mU=
github.com/hedzr/logg v0.8.25/go.mod h1:SC26NNvM7uyaAfBROuU8pkImc9PQL8s9aNYOghc83VI=
github.com/hedzr/store v1.3.25 h1:qlskY0cUguOZUvB4IUow4b3kMVmbsIWbcH+472x0dRw=
github.com/hedzr/store v1.3.25/go.mod h1:9zPqKJc1nPC/g+W4aJJSyIuQtHZOuay29h1TvFPlYuY=
github.com/hedzr/store/codecs/hcl v1.3.25 h1:+961hJRHWY38UEsf9/4aaFsSoAJEeeM+OKcGVGZJHNY=
github.com/hedzr/store/codecs/hcl v1.3.25/go.mod h1:WXQWB0hd0+wkelNcwCbEcn2Cb+gHSCzA/T5Bgvt36c4=
github.com/hedzr/store/codecs/hjson v1.3.25 h1:aH6icX4RWqqWw5YWscOprDQmtqpKZqjVr1l8mSmIiX8=
github.com/hedzr/store/codecs/hjson v1.3.25/go.mod h1:uA7fWck0/aN+Uzn293Vfpc+L8UcylBgNHE7g+G/RALA=
github.com/hedzr/store/codecs/json v1.3.25 h1:H0sZmnQ62ri3+jl+pGW/hHxpst9KUUCROeTj8ZpfHr8=
github.com/hedzr/store/codecs/json v1.3.25/go.mod h1:+PhAnkKl8MAR9zNm3fyyEpkj38TmU588qpCxhFT1OSU=
github.com/hedzr/store/codecs/nestext v1.3.25 h1:TeN7o09sAdcHHC/okAxjMexfkhF+oOFrBmAT8DAk1A4=
github.com/hedzr/store/codecs/nestext v1.3.25/go.mod h1:fCSWbzu3H6i0pCTy0yPZnHl2ascOX2uA1qTmU4Ud2KM=
github.com/hedzr/store/codecs/toml v1.3.25 h1:M9BWywI6Ten1GWHA/KsJHmnKKRly3vMOaoheBdxqJ+o=
github.com/hedzr/store/codecs/toml v1.3.25/go.mod h1:IHpfm6OnhTCCxFTVk5r8ILR7NCh6Jpx7y7BKuGLl+Fc=
github.com/hedzr/store/codecs/yaml v1.3.25 h1:4qgDrnlv02ESkTG434Xc1ioQwtcriC9ULwVlD977u0M=
github.com/hedzr/store/codecs/yaml v1.3.25/go.mod h1:uGn1fDgGjbb5cWaQeDaw/M5v6ZCAoVBjh5wNBgzBUZ8=
github.com/hedzr/store/providers/env v1.3.25 h1:nV16ywh/oOkEPtc/O5LgSTdrE+cgmrbgzu3CPnQYAe8=
github.com/hedzr/store/providers/env v1.3.25/go.mod h1:ftINY9jTK/atW6yJ0yAaF7RkrW4iOtFW2eGCtrs9eXA=
github.com/hedzr/store/providers/file v1.3.25 h1:d4AVBkwrTNDQTU9RHdDog5ONEeyCTDJnQYIpmcMRMvw=
github.com/hedzr/store/providers/file v1.3.25/go.mod h1:KpfzylBeCNWhVcSRgYJlvn+gTksX9UEmAw8l1Qp8ANc=
github.com/hjson/hjson-go/v4 v4.5.0 h1:ZHLiZ+HaGqPOtEe8T6qY8QHnoEsAeBv8wqxniQAp+CY=
github.com/hjson/hjson-go/v4 v4.5.0/go.mod h1:4zx6c7Y0vWcm8IRyVoQJUHAPJLXLvbG6X8nk1RLigSo=
github.com/lib/pq v1.10.9 h1:YXG7RB+JIjhP29X+OtkiDnYaXQwpS4JEWq7dtCCRUEw=
github.com/lib/pq v1.10.9/go.mod h1:AlVN5x4E4T544tWzH6hKfbfQvm3HdbOxrmggDNAPY9o=
github.com/npillmayer/nestext v0.1.3 h1:2dkbzJ5xMcyJW5b8wwrX+nnRNvf/Nn1KwGhIauGyE2E=
github.com/npillmayer/nestext v0.1.3/go.mod h1:h2lrijH8jpicr25dFY+oAJLyzlya6jhnuG+zWp9L0Uk=
github.com/pelletier/go-toml/v2 v2.2.4 h1:mye9XuhQ6gvn5h28+VilKrrPoQVanw5PMw/TB0t5Ec4=
github.com/pelletier/go-toml/v2 v2.2.4/go.mod h1:2gIqNv+qfxSVS7cM2xJQKtLSTLUE9V8t9Stt+h56mCY=
golang.org/x/exp v0.0.0-20250606033433-dcc06ee1d476 h1:bsqhLWFR6G6xiQcb+JoGqdKdRU6WzPWmK8E0jxTjzo4=
golang.org/x/exp v0.0.0-20250606033433-dcc06ee1d476/go.mod h1:3//PLf8L/X+8b4vuAfHzxeRUl04Adcb341+IGKfnqS8=
golang.org/x/net v0.41.0 h1:vBTly1HeNPEn3wtREYfy4GZ/NECgw2Cnl+nK6Nz3uvw=
golang.org/x/net v0.41.0/go.mod h1:B/K4NNqkfmg07DQYrbwvSluqCJOOXwUjeb/5lOisjbA=
golang.org/x/sys v0.33.0 h1:q3i8TbbEz+JRD9ywIRlyRAQbM0qF7hu24q3teo2hbuw=
golang.org/x/sys v0.33.0/go.mod h1:BJP2sWEmIv4KK5OTEluFJCKSidICx8ciO85XgH3Ak8k=
golang.org/x/term v0.32.0 h1:DR4lr0TjUs3epypdhTOkMmuF5CDFJ/8pOnbzMZPQ7bg=
golang.org/x/term v0.32.0/go.mod h1:uZG1FhGx848Sqfsq4/DlJr3xGGsYMu/L5GW4abiaEPQ=
gopkg.in/check.v1 v0.0.0-20161208181325-20d25e280405 h1:yhCVgyC4o1eVCa2tZl7eS0r+SDo693bJlVdllGtEeKM=
gopkg.in/check.v1 v0.0.0-20161208181325-20d25e280405/go.mod h1:Co6ibVJAznAaIkqp8huTwlJQCZ016jof/cbN4VW5Yz0=
gopkg.in/hedzr/errors.v3 v3.3.5 h1:bF4ijq4PAjwjCB8s7nWf2cjqo/yp6afNuQMC2SnX7t8=
gopkg.in/hedzr/errors.v3 v3.3.5/go.mod h1:UwtyepqtGTIAmdZGSc7wxXT5Gfd/BjcfRMhPpxwkJM4=
gopkg.in/yaml.v3 v3.0.1 h1:fxVm/GzAzEWqLHuvctI91KS9hhNmmWOoWu0XTYJS7CA=
gopkg.in/yaml.v3 v3.0.1/go.mod h1:K4uyk7z7BCEPqu6E+C64Yfv1cQ7kz7rIZviUmN+EgEM=
