github.com/davecgh/go-spew v1.1.1 h1:vj9j/u1bqnvCEfJOwUhtlOARqs3+rkHYY13jYWTU97c=
github.com/davecgh/go-spew v1.1.1/go.mod h1:J7Y8YcW2NihsgmVo/mv3lAwl/skON4iLHjSsI+c5H38=
github.com/fsnotify/fsnotify v1.9.0 h1:2Ml+OJNzbYCTzsxtv8vKSFD9PbJjmhYF14k/jKC7S9k=
github.com/fsnotify/fsnotify v1.9.0/go.mod h1:8jBTzvmWwFyi3Pb8djgCCO5IBqzKJ/Jwo8TRcHyHii0=
github.com/hashicorp/hcl v1.0.0 h1:0Anlzjpi4vEasTeNFn2mLJgTSwt0+6sfsiTG8qcWGx4=
github.com/hashicorp/hcl v1.0.0/go.mod h1:E5yfLk+7swimpb2L/Alb/PJmXilQ/rhwaUYs4T20WEQ=
github.com/hedzr/cmdr-loaders v1.3.15 h1:1QkWFIVN5hxOnXcRWo0YITccjg9xuE6OD/JRCWjnVPA=
github.com/hedzr/cmdr-loaders v1.3.15/go.mod h1:he4gGt09+oYQdfdQjMNiMLFvSRCSfaJBsB+bVmmufv8=
github.com/hedzr/cmdr/v2 v2.1.15 h1:nOLOJ177Pc/1AKbW0scWFJfsrdpPgm4gwOrBONnbZN0=
github.com/hedzr/cmdr/v2 v2.1.15/go.mod h1:rhbKxBu6SvnejuZoBXWRWgVwSJM2orStGHqGgH/P1uE=
github.com/hedzr/evendeep v1.3.15 h1:+5RXHCdubq0Twh7zIUM55i4QMYvv+pipocmHJ8VfZtU=
github.com/hedzr/evendeep v1.3.15/go.mod h1:qR5DvpkI/O3xn/zNTcDCHbR0ckWvd50/snBmmuJ2phQ=
github.com/hedzr/is v0.7.15 h1:IApfSyfM1IpGerhCdLZ1Q9m6FO7Zzp4jBajRCnVeZnY=
github.com/hedzr/is v0.7.15/go.mod h1:tnOi3t2L3noWN0cVkTKajaW6hsog4Y3a1v8qEkhq33g=
github.com/hedzr/logg v0.8.15 h1:vQt3/2zi1qzYJyVajlr9poI3JIZPQB9l1QElpF5KaiI=
github.com/hedzr/logg v0.8.15/go.mod h1:VCecM+0Pp77ildxebUHbtneiCXBetHbnrCQCHvFpWvg=
github.com/hedzr/store v1.3.15 h1:eEDaShZ8HzbsMvfTIX/nFooKLKb5D+g0D5TArxTAHZ8=
github.com/hedzr/store v1.3.15/go.mod h1:mn5+lcw1JbjHDda9gKbfLMT8Tzmm9WHK1QDuPptC8XM=
github.com/hedzr/store/codecs/hcl v1.3.15 h1:bGPVHFFEszX5nt1aN6IGg0me5JbLee4Azi8Z9ZB/oDQ=
github.com/hedzr/store/codecs/hcl v1.3.15/go.mod h1:DqJVF6s3jEq1ZUiYZ/mihKDt1pLKipDVok7XinwO3Dg=
github.com/hedzr/store/codecs/hjson v1.3.15 h1:/sxPnL9hQ9RBa04eG6zeBbID3RzCKwyizL/D7UlEpW4=
github.com/hedzr/store/codecs/hjson v1.3.15/go.mod h1:umGi9W1oKUf2aN27zbnBnXDaiqDHEnJccS96zhT4YQE=
github.com/hedzr/store/codecs/json v1.3.15 h1:huCx6pZDiXQ45BcgHlDis9EVqqhuxkbJycBunc+cjSY=
github.com/hedzr/store/codecs/json v1.3.15/go.mod h1:+gguUKgE/N2mpoPArfrJU380T778szU5C84Za9zeO+8=
github.com/hedzr/store/codecs/nestext v1.3.15 h1:GN6BYEy02ZXMMUsJG9fRo5tkCb5W7TAS8o8MnR7MvRY=
github.com/hedzr/store/codecs/nestext v1.3.15/go.mod h1:J84xEVYbfvhuUlUGubVQXLI4cFADS5TRCa8J6DNJZrE=
github.com/hedzr/store/codecs/toml v1.3.15 h1:QQ4XRJVK6Hv95tqo1kilsT4G+U5F1LaWviofoh2YKnE=
github.com/hedzr/store/codecs/toml v1.3.15/go.mod h1:ZizYE/9nirDcafDULBN2hQtBygvyFe3ACD1sMvIJ6bI=
github.com/hedzr/store/codecs/yaml v1.3.15 h1:SON5VJ7MDPhJteKSrTYeWiKb9EtCL9QKmJXhEDcwoTM=
github.com/hedzr/store/codecs/yaml v1.3.15/go.mod h1:Btw8mHZwjXIYDG5K1+Zi+SpTwufI3R7a75aJ+21bLaI=
github.com/hedzr/store/providers/env v1.3.15 h1:5xZj51LQt0ZnMJHgCpcJ9h0MnbwHAdMZMDXnILQzgpk=
github.com/hedzr/store/providers/env v1.3.15/go.mod h1:wZ2FyAJotq9KLGyKLeQIe0/k5+RDLRrIYn9/j+1iRdk=
github.com/hedzr/store/providers/file v1.3.15 h1:E7n8Ai6E8ie056CG3Jd5IZTYcoYGJwDpt1wdSFx2f8w=
github.com/hedzr/store/providers/file v1.3.15/go.mod h1:QjDHKKRpg8RzSBs+0Zq4Ye3RaEd+tUzCQrQ6gDpLZbM=
github.com/hjson/hjson-go/v4 v4.5.0 h1:ZHLiZ+HaGqPOtEe8T6qY8QHnoEsAeBv8wqxniQAp+CY=
github.com/hjson/hjson-go/v4 v4.5.0/go.mod h1:4zx6c7Y0vWcm8IRyVoQJUHAPJLXLvbG6X8nk1RLigSo=
github.com/lib/pq v1.10.9 h1:YXG7RB+JIjhP29X+OtkiDnYaXQwpS4JEWq7dtCCRUEw=
github.com/lib/pq v1.10.9/go.mod h1:AlVN5x4E4T544tWzH6hKfbfQvm3HdbOxrmggDNAPY9o=
github.com/npillmayer/nestext v0.1.3 h1:2dkbzJ5xMcyJW5b8wwrX+nnRNvf/Nn1KwGhIauGyE2E=
github.com/npillmayer/nestext v0.1.3/go.mod h1:h2lrijH8jpicr25dFY+oAJLyzlya6jhnuG+zWp9L0Uk=
github.com/pelletier/go-toml/v2 v2.2.4 h1:mye9XuhQ6gvn5h28+VilKrrPoQVanw5PMw/TB0t5Ec4=
github.com/pelletier/go-toml/v2 v2.2.4/go.mod h1:2gIqNv+qfxSVS7cM2xJQKtLSTLUE9V8t9Stt+h56mCY=
golang.org/x/exp v0.0.0-20250408133849-7e4ce0ab07d0 h1:R84qjqJb5nVJMxqWYb3np9L5ZsaDtB+a39EqjV0JSUM=
golang.org/x/exp v0.0.0-20250408133849-7e4ce0ab07d0/go.mod h1:S9Xr4PYopiDyqSyp5NjCrhFrqg6A5zA2E/iPHPhqnS8=
golang.org/x/net v0.39.0 h1:ZCu7HMWDxpXpaiKdhzIfaltL9Lp31x/3fCP11bc6/fY=
golang.org/x/net v0.39.0/go.mod h1:X7NRbYVEA+ewNkCNyJ513WmMdQ3BineSwVtN2zD/d+E=
golang.org/x/sys v0.32.0 h1:s77OFDvIQeibCmezSnk/q6iAfkdiQaJi4VzroCFrN20=
golang.org/x/sys v0.32.0/go.mod h1:BJP2sWEmIv4KK5OTEluFJCKSidICx8ciO85XgH3Ak8k=
golang.org/x/term v0.31.0 h1:erwDkOK1Msy6offm1mOgvspSkslFnIGsFnxOKoufg3o=
golang.org/x/term v0.31.0/go.mod h1:R4BeIy7D95HzImkxGkTW1UQTtP54tio2RyHz7PwK0aw=
gopkg.in/check.v1 v0.0.0-20161208181325-20d25e280405 h1:yhCVgyC4o1eVCa2tZl7eS0r+SDo693bJlVdllGtEeKM=
gopkg.in/check.v1 v0.0.0-20161208181325-20d25e280405/go.mod h1:Co6ibVJAznAaIkqp8huTwlJQCZ016jof/cbN4VW5Yz0=
gopkg.in/hedzr/errors.v3 v3.3.5 h1:bF4ijq4PAjwjCB8s7nWf2cjqo/yp6afNuQMC2SnX7t8=
gopkg.in/hedzr/errors.v3 v3.3.5/go.mod h1:UwtyepqtGTIAmdZGSc7wxXT5Gfd/BjcfRMhPpxwkJM4=
gopkg.in/yaml.v3 v3.0.1 h1:fxVm/GzAzEWqLHuvctI91KS9hhNmmWOoWu0XTYJS7CA=
gopkg.in/yaml.v3 v3.0.1/go.mod h1:K4uyk7z7BCEPqu6E+C64Yfv1cQ7kz7rIZviUmN+EgEM=
