github.com/davecgh/go-spew v1.1.1 h1:vj9j/u1bqnvCEfJOwUhtlOARqs3+rkHYY13jYWTU97c=
github.com/davecgh/go-spew v1.1.1/go.mod h1:J7Y8YcW2NihsgmVo/mv3lAwl/skON4iLHjSsI+c5H38=
github.com/fsnotify/fsnotify v1.8.0 h1:dAwr6QBTBZIkG8roQaJjGof0pp0EeF+tNV7YBP3F/8M=
github.com/fsnotify/fsnotify v1.8.0/go.mod h1:8jBTzvmWwFyi3Pb8djgCCO5IBqzKJ/Jwo8TRcHyHii0=
github.com/hashicorp/hcl v1.0.0 h1:0Anlzjpi4vEasTeNFn2mLJgTSwt0+6sfsiTG8qcWGx4=
github.com/hashicorp/hcl v1.0.0/go.mod h1:E5yfLk+7swimpb2L/Alb/PJmXilQ/rhwaUYs4T20WEQ=
github.com/hedzr/cmdr-loaders v1.3.7 h1:um3DMUXE6orpc1g+ACMlCnTRTVfjnTayxItgvBnZuU4=
github.com/hedzr/cmdr-loaders v1.3.7/go.mod h1:g84Vq4Kjz2b0DTb23ZVucyo2YksZnd56YVTEV7ht1qc=
github.com/hedzr/cmdr/v2 v2.1.8 h1:TAGoKvGOqg0yT8DnMnNHGVsjToNAWChb/nCHb3juh4A=
github.com/hedzr/cmdr/v2 v2.1.8/go.mod h1:TQEwwIDxLfR1Y+uN8yJg9Kthu95gQEJuN6LLTMBC/NQ=
github.com/hedzr/evendeep v1.3.9 h1:5GrzxDol23QLzOhDZpySBl1ZExebmE69xJpz4yhKHBw=
github.com/hedzr/evendeep v1.3.9/go.mod h1:a94ueBirT368Du7+4wDUzebynDpmLTYoVXdmIK4684g=
github.com/hedzr/is v0.7.10 h1:LJfNMfCL8X9yWnz18Yw7+rml90wy6RibkfjCe8k6UI4=
github.com/hedzr/is v0.7.10/go.mod h1:qfx6jHILHRete20uVogmadGih7SdnuyumLfkLw23XLg=
github.com/hedzr/logg v0.8.8 h1:oaO5iPDPylM9mBEgt134MePxQUOVgORcj0CzTX7raR4=
github.com/hedzr/logg v0.8.8/go.mod h1:A5HSQge2SL6uVfEG3liKlfFQNlRw5YG6mMzWqwWZTfQ=
github.com/hedzr/store v1.3.9 h1:8CEAx4cSlEmf3m+NHp5P4o9vWSCRrGmFOs1Yxlpwge4=
github.com/hedzr/store v1.3.9/go.mod h1:UF0EG2wtDo9X7Qlcsb+XOhjI3aKF4v0RfDy3G5X1UdU=
github.com/hedzr/store/codecs/hcl v1.3.9 h1:zCVKjrJDeSK5PizDWJAs9WhMVkgfqBwTg/b06DCYhbs=
github.com/hedzr/store/codecs/hcl v1.3.9/go.mod h1:7z152ZSKMjQYWekv+SXT3edUarxn+64eT+MfLdKLNWQ=
github.com/hedzr/store/codecs/hjson v1.3.9 h1:RLX/IlKiXmECaXPK0YVwe/cNMqFNHFdLnhMG/OKME8k=
github.com/hedzr/store/codecs/hjson v1.3.9/go.mod h1:Q2KXpEA4n68lLoGwg6fsZOGghvklmYvu3LU5G086DB8=
github.com/hedzr/store/codecs/json v1.3.9 h1:T1KQskyWuQPXoWQfNWps83GMaRbLHH+DhJcsVofdGe0=
github.com/hedzr/store/codecs/json v1.3.9/go.mod h1:rOvAYNOftmiMasOKkGCQYp4DEyF2MlO/8Z2MFt/aaV8=
github.com/hedzr/store/codecs/nestext v1.3.9 h1:KRzkdomkaRZx1WHH8O6RpOo4MlzLfxvJl9fq7XZMr8M=
github.com/hedzr/store/codecs/nestext v1.3.9/go.mod h1:N7XgJcNVJC/GMEix4Aj7Y+5Jv4lK8ySAmdhvJlIjXPU=
github.com/hedzr/store/codecs/toml v1.3.9 h1:4sYPmywI056OgL7Qk+0hZVNMi/uLgKYpvPTPK0l5mZU=
github.com/hedzr/store/codecs/toml v1.3.9/go.mod h1:YLjVn3tYgmxwjfLE6gvqsfuMGJVgapjILEMt46sYGuo=
github.com/hedzr/store/codecs/yaml v1.3.9 h1:zdrGo9AO/nOqIOg5wCBOtQjZR1E0KYpnyl5XNhYLoO4=
github.com/hedzr/store/codecs/yaml v1.3.9/go.mod h1:RSPT39hLNgkcex9rN8qLiMSOy7JzvrbMdQBK+shXWGI=
github.com/hedzr/store/providers/env v1.3.9 h1:v3w79Nl3CHk4/SK37OX+akyXNTFqExQei8IU5alCbu0=
github.com/hedzr/store/providers/env v1.3.9/go.mod h1:ROEqRFRzZhcyyaUaEcy9y9cE7PIvoE/ihtc35J27z9w=
github.com/hedzr/store/providers/file v1.3.9 h1:GTnNN6K2wNXRwOMfitZ8jw75KxAEZb/gHDtrpYCszhc=
github.com/hedzr/store/providers/file v1.3.9/go.mod h1:VQMZZcYlk7zHKrZx0kwvnOBe4/XBP3C5VE4hxQv2S6w=
github.com/hjson/hjson-go/v4 v4.4.0 h1:D/NPvqOCH6/eisTb5/ztuIS8GUvmpHaLOcNk1Bjr298=
github.com/hjson/hjson-go/v4 v4.4.0/go.mod h1:KaYt3bTw3zhBjYqnXkYywcYctk0A2nxeEFTse3rH13E=
github.com/lib/pq v1.10.9 h1:YXG7RB+JIjhP29X+OtkiDnYaXQwpS4JEWq7dtCCRUEw=
github.com/lib/pq v1.10.9/go.mod h1:AlVN5x4E4T544tWzH6hKfbfQvm3HdbOxrmggDNAPY9o=
github.com/npillmayer/nestext v0.1.3 h1:2dkbzJ5xMcyJW5b8wwrX+nnRNvf/Nn1KwGhIauGyE2E=
github.com/npillmayer/nestext v0.1.3/go.mod h1:h2lrijH8jpicr25dFY+oAJLyzlya6jhnuG+zWp9L0Uk=
github.com/pelletier/go-toml/v2 v2.2.3 h1:YmeHyLY8mFWbdkNWwpr+qIL2bEqT0o95WSdkNHvL12M=
github.com/pelletier/go-toml/v2 v2.2.3/go.mod h1:MfCQTFTvCcUyyvvwm1+G6H/jORL20Xlb6rzQu9GuUkc=
github.com/pmezard/go-difflib v1.0.0 h1:4DBwDE0NGyQoBHbLQYPwSUPoCMWR5BEzIk/f1lZbAQM=
github.com/pmezard/go-difflib v1.0.0/go.mod h1:iKH77koFhYxTK1pcRnkKkqfTogsbg7gZNVY4sRDYZ/4=
github.com/stretchr/testify v1.9.0 h1:HtqpIVDClZ4nwg75+f6Lvsy/wHu+3BoSGCbBAcpTsTg=
github.com/stretchr/testify v1.9.0/go.mod h1:r2ic/lqez/lEtzL7wO/rwa5dbSLXVDPFyf8C91i36aY=
golang.org/x/crypto v0.36.0 h1:AnAEvhDddvBdpY+uR+MyHmuZzzNqXSe/GvuDeob5L34=
golang.org/x/crypto v0.36.0/go.mod h1:Y4J0ReaxCR1IMaabaSMugxJES1EpwhBHhv2bDHklZvc=
golang.org/x/exp v0.0.0-20250305212735-054e65f0b394 h1:nDVHiLt8aIbd/VzvPWN6kSOPE7+F/fNFDSXLVYkE/Iw=
golang.org/x/exp v0.0.0-20250305212735-054e65f0b394/go.mod h1:sIifuuw/Yco/y6yb6+bDNfyeQ/MdPUy/hKEMYQV17cM=
golang.org/x/net v0.37.0 h1:1zLorHbz+LYj7MQlSf1+2tPIIgibq2eL5xkrGk6f+2c=
golang.org/x/net v0.37.0/go.mod h1:ivrbrMbzFq5J41QOQh0siUuly180yBYtLp+CKbEaFx8=
golang.org/x/sys v0.31.0 h1:ioabZlmFYtWhL+TRYpcnNlLwhyxaM9kWTDEmfnprqik=
golang.org/x/sys v0.31.0/go.mod h1:BJP2sWEmIv4KK5OTEluFJCKSidICx8ciO85XgH3Ak8k=
golang.org/x/term v0.30.0 h1:PQ39fJZ+mfadBm0y5WlL4vlM7Sx1Hgf13sMIY2+QS9Y=
golang.org/x/term v0.30.0/go.mod h1:NYYFdzHoI5wRh/h5tDMdMqCqPJZEuNqVR5xJLd/n67g=
gopkg.in/check.v1 v0.0.0-20161208181325-20d25e280405 h1:yhCVgyC4o1eVCa2tZl7eS0r+SDo693bJlVdllGtEeKM=
gopkg.in/check.v1 v0.0.0-20161208181325-20d25e280405/go.mod h1:Co6ibVJAznAaIkqp8huTwlJQCZ016jof/cbN4VW5Yz0=
gopkg.in/hedzr/errors.v3 v3.3.5 h1:bF4ijq4PAjwjCB8s7nWf2cjqo/yp6afNuQMC2SnX7t8=
gopkg.in/hedzr/errors.v3 v3.3.5/go.mod h1:UwtyepqtGTIAmdZGSc7wxXT5Gfd/BjcfRMhPpxwkJM4=
gopkg.in/yaml.v3 v3.0.1 h1:fxVm/GzAzEWqLHuvctI91KS9hhNmmWOoWu0XTYJS7CA=
gopkg.in/yaml.v3 v3.0.1/go.mod h1:K4uyk7z7BCEPqu6E+C64Yfv1cQ7kz7rIZviUmN+EgEM=
